// !$*UTF8*$!
{
	archiveVersion = 1;
	classes = {
	};
	objectVersion = 56;
	objects = {

/* Begin PBXBuildFile section */
		5556E08F29F1416A00D8F7B5 /* ListTeams.swift in Sources */ = {isa = PBXBuildFile; fileRef = 5556E08E29F1416A00D8F7B5 /* ListTeams.swift */; };
		5556E09129F141B400D8F7B5 /* Capture.swift in Sources */ = {isa = PBXBuildFile; fileRef = 5556E09029F141B400D8F7B5 /* Capture.swift */; };
		5556E09329F141C000D8F7B5 /* CountExercise.swift in Sources */ = {isa = PBXBuildFile; fileRef = 5556E09229F141C000D8F7B5 /* CountExercise.swift */; };
		5556E09529F141D000D8F7B5 /* ExerciseData.swift in Sources */ = {isa = PBXBuildFile; fileRef = 5556E09429F141D000D8F7B5 /* ExerciseData.swift */; };
		5556E09729F141E000D8F7B5 /* ExerciseView.swift in Sources */ = {isa = PBXBuildFile; fileRef = 5556E09629F141E000D8F7B5 /* ExerciseView.swift */; };
		5556E09929F141EB00D8F7B5 /* ListQuickNotes.swift in Sources */ = {isa = PBXBuildFile; fileRef = 5556E09829F141EB00D8F7B5 /* ListQuickNotes.swift */; };
		5556E09B29F141F300D8F7B5 /* MatchData.swift in Sources */ = {isa = PBXBuildFile; fileRef = 5556E09A29F141F300D8F7B5 /* MatchData.swift */; };
		5556E09D29F141FD00D8F7B5 /* MatchStats.swift in Sources */ = {isa = PBXBuildFile; fileRef = 5556E09C29F141FD00D8F7B5 /* MatchStats.swift */; };
		5556E09F29F1420700D8F7B5 /* PlayerData.swift in Sources */ = {isa = PBXBuildFile; fileRef = 5556E09E29F1420700D8F7B5 /* PlayerData.swift */; };
		5556E0A129F1421100D8F7B5 /* PointLog.swift in Sources */ = {isa = PBXBuildFile; fileRef = 5556E0A029F1421100D8F7B5 /* PointLog.swift */; };
		5556E0A329F1421D00D8F7B5 /* QuickNoteExercise.swift in Sources */ = {isa = PBXBuildFile; fileRef = 5556E0A229F1421D00D8F7B5 /* QuickNoteExercise.swift */; };
		5556E0A529F1422400D8F7B5 /* SetData.swift in Sources */ = {isa = PBXBuildFile; fileRef = 5556E0A429F1422400D8F7B5 /* SetData.swift */; };
		5556E0A729F1422C00D8F7B5 /* SetStats.swift in Sources */ = {isa = PBXBuildFile; fileRef = 5556E0A629F1422C00D8F7B5 /* SetStats.swift */; };
		5556E0A929F1423600D8F7B5 /* StatsExercise.swift in Sources */ = {isa = PBXBuildFile; fileRef = 5556E0A829F1423600D8F7B5 /* StatsExercise.swift */; };
		5556E0AB29F1423E00D8F7B5 /* StatsView.swift in Sources */ = {isa = PBXBuildFile; fileRef = 5556E0AA29F1423E00D8F7B5 /* StatsView.swift */; };
		5556E0AD29F1424600D8F7B5 /* TeamData.swift in Sources */ = {isa = PBXBuildFile; fileRef = 5556E0AC29F1424600D8F7B5 /* TeamData.swift */; };
		5556E0AF29F1424F00D8F7B5 /* TrainStats.swift in Sources */ = {isa = PBXBuildFile; fileRef = 5556E0AE29F1424F00D8F7B5 /* TrainStats.swift */; };
		5556E0B229F1433000D8F7B5 /* Action.swift in Sources */ = {isa = PBXBuildFile; fileRef = 5556E0B129F1433000D8F7B5 /* Action.swift */; };
		5556E0B429F1433700D8F7B5 /* DB.swift in Sources */ = {isa = PBXBuildFile; fileRef = 5556E0B329F1433700D8F7B5 /* DB.swift */; };
		5556E0B629F1433E00D8F7B5 /* Exercise.swift in Sources */ = {isa = PBXBuildFile; fileRef = 5556E0B529F1433E00D8F7B5 /* Exercise.swift */; };
		5556E0B829F1434800D8F7B5 /* Improve.swift in Sources */ = {isa = PBXBuildFile; fileRef = 5556E0B729F1434800D8F7B5 /* Improve.swift */; };
		5556E0BA29F1434E00D8F7B5 /* Match.swift in Sources */ = {isa = PBXBuildFile; fileRef = 5556E0B929F1434E00D8F7B5 /* Match.swift */; };
		5556E0BC29F1435600D8F7B5 /* PDF.swift in Sources */ = {isa = PBXBuildFile; fileRef = 5556E0BB29F1435600D8F7B5 /* PDF.swift */; };
		5556E0BE29F1436000D8F7B5 /* PDFElement.swift in Sources */ = {isa = PBXBuildFile; fileRef = 5556E0BD29F1436000D8F7B5 /* PDFElement.swift */; };
		5556E0C029F1436500D8F7B5 /* Player.swift in Sources */ = {isa = PBXBuildFile; fileRef = 5556E0BF29F1436500D8F7B5 /* Player.swift */; };
		5556E0C229F1436E00D8F7B5 /* QuickNote.swift in Sources */ = {isa = PBXBuildFile; fileRef = 5556E0C129F1436E00D8F7B5 /* QuickNote.swift */; };
		5556E0C429F1437400D8F7B5 /* Set.swift in Sources */ = {isa = PBXBuildFile; fileRef = 5556E0C329F1437400D8F7B5 /* Set.swift */; };
		5556E0C629F1437F00D8F7B5 /* Stat.swift in Sources */ = {isa = PBXBuildFile; fileRef = 5556E0C529F1437F00D8F7B5 /* Stat.swift */; };
		5556E0C829F1438500D8F7B5 /* Team.swift in Sources */ = {isa = PBXBuildFile; fileRef = 5556E0C729F1438500D8F7B5 /* Team.swift */; };
		5556E0CB29F1444600D8F7B5 /* Color.swift in Sources */ = {isa = PBXBuildFile; fileRef = 5556E0CA29F1444600D8F7B5 /* Color.swift */; };
		5556E0CD29F1444E00D8F7B5 /* TextField.swift in Sources */ = {isa = PBXBuildFile; fileRef = 5556E0CC29F1444E00D8F7B5 /* TextField.swift */; };
		5556E0D129F144AE00D8F7B5 /* CircleGraph.swift in Sources */ = {isa = PBXBuildFile; fileRef = 5556E0D029F144AE00D8F7B5 /* CircleGraph.swift */; };
		5556E0D329F144BA00D8F7B5 /* CollapsibleListElement.swift in Sources */ = {isa = PBXBuildFile; fileRef = 5556E0D229F144BA00D8F7B5 /* CollapsibleListElement.swift */; };
		5556E0D529F144C200D8F7B5 /* Court.swift in Sources */ = {isa = PBXBuildFile; fileRef = 5556E0D429F144C200D8F7B5 /* Court.swift */; };
		5556E0D729F144CD00D8F7B5 /* ExerciseListElement.swift in Sources */ = {isa = PBXBuildFile; fileRef = 5556E0D629F144CD00D8F7B5 /* ExerciseListElement.swift */; };
		5556E0D929F144D600D8F7B5 /* ListElement.swift in Sources */ = {isa = PBXBuildFile; fileRef = 5556E0D829F144D600D8F7B5 /* ListElement.swift */; };
		5556E0DB29F144DE00D8F7B5 /* PieChart.swift in Sources */ = {isa = PBXBuildFile; fileRef = 5556E0DA29F144DE00D8F7B5 /* PieChart.swift */; };
		5556E0DD29F144E800D8F7B5 /* TabButton.swift in Sources */ = {isa = PBXBuildFile; fileRef = 5556E0DC29F144E800D8F7B5 /* TabButton.swift */; };
		5556E0DF29F144EF00D8F7B5 /* TeamCard.swift in Sources */ = {isa = PBXBuildFile; fileRef = 5556E0DE29F144EF00D8F7B5 /* TeamCard.swift */; };
		5556E0E129F1454C00D8F7B5 /* AttackTable.swift in Sources */ = {isa = PBXBuildFile; fileRef = 5556E0E029F1454C00D8F7B5 /* AttackTable.swift */; };
		5556E0E329F1455100D8F7B5 /* BlockTable.swift in Sources */ = {isa = PBXBuildFile; fileRef = 5556E0E229F1455100D8F7B5 /* BlockTable.swift */; };
		5556E0E529F1455800D8F7B5 /* DigTable.swift in Sources */ = {isa = PBXBuildFile; fileRef = 5556E0E429F1455800D8F7B5 /* DigTable.swift */; };
		5556E0E729F1456100D8F7B5 /* DownBallTable.swift in Sources */ = {isa = PBXBuildFile; fileRef = 5556E0E629F1456100D8F7B5 /* DownBallTable.swift */; };
		5556E0E929F1456700D8F7B5 /* FaultTable.swift in Sources */ = {isa = PBXBuildFile; fileRef = 5556E0E829F1456700D8F7B5 /* FaultTable.swift */; };
		5556E0EB29F1456F00D8F7B5 /* FreeTable.swift in Sources */ = {isa = PBXBuildFile; fileRef = 5556E0EA29F1456F00D8F7B5 /* FreeTable.swift */; };
		5556E0ED29F1457500D8F7B5 /* GeneralTable.swift in Sources */ = {isa = PBXBuildFile; fileRef = 5556E0EC29F1457500D8F7B5 /* GeneralTable.swift */; };
		5556E0EF29F1457A00D8F7B5 /* ReceiveTable.swift in Sources */ = {isa = PBXBuildFile; fileRef = 5556E0EE29F1457A00D8F7B5 /* ReceiveTable.swift */; };
		5556E0F129F1457F00D8F7B5 /* ServeTable.swift in Sources */ = {isa = PBXBuildFile; fileRef = 5556E0F029F1457F00D8F7B5 /* ServeTable.swift */; };
		5556E0F329F1458500D8F7B5 /* SetTable.swift in Sources */ = {isa = PBXBuildFile; fileRef = 5556E0F229F1458500D8F7B5 /* SetTable.swift */; };
		5556E0F529F1467C00D8F7B5 /* String.swift in Sources */ = {isa = PBXBuildFile; fileRef = 5556E0F429F1467C00D8F7B5 /* String.swift */; };
		5556E0F729F1469200D8F7B5 /* Lang.swift in Sources */ = {isa = PBXBuildFile; fileRef = 5556E0F629F1469200D8F7B5 /* Lang.swift */; };
		555B5E622AED75F50019C650 /* SessionManager.swift in Sources */ = {isa = PBXBuildFile; fileRef = 555B5E612AED75F50019C650 /* SessionManager.swift */; };
		559E3E322A9670B40040FF59 /* Rotation.swift in Sources */ = {isa = PBXBuildFile; fileRef = 559E3E312A9670B40040FF59 /* Rotation.swift */; };
		559E3E342A975B3B0040FF59 /* PlayerView.swift in Sources */ = {isa = PBXBuildFile; fileRef = 559E3E332A975B3B0040FF59 /* PlayerView.swift */; };
		55AC07FE2A55B17B00C66295 /* SessionData.swift in Sources */ = {isa = PBXBuildFile; fileRef = 55AC07FD2A55B17B00C66295 /* SessionData.swift */; };
		55C5210E2AE95665001E6854 /* CaptureHelp.swift in Sources */ = {isa = PBXBuildFile; fileRef = 55C5210D2AE95665001E6854 /* CaptureHelp.swift */; };
		55CAAE592A6C2D9600045E29 /* LineChart.swift in Sources */ = {isa = PBXBuildFile; fileRef = 55CAAE582A6C2D9600045E29 /* LineChart.swift */; };
		55DCD1732A27301900D5866C /* ScoutingCourt.swift in Sources */ = {isa = PBXBuildFile; fileRef = 55DCD1722A27301900D5866C /* ScoutingCourt.swift */; };
		55DCD17C2A2C6F5500D5866C /* Neighbor-Light.ttf in Resources */ = {isa = PBXBuildFile; fileRef = 55DCD1762A2C6F5500D5866C /* Neighbor-Light.ttf */; };
		55DCD17D2A2C6F5500D5866C /* Neighbor-LightItalic.ttf in Resources */ = {isa = PBXBuildFile; fileRef = 55DCD1772A2C6F5500D5866C /* Neighbor-LightItalic.ttf */; };
		55DCD17E2A2C6F5500D5866C /* Neighbor.ttf in Resources */ = {isa = PBXBuildFile; fileRef = 55DCD1782A2C6F5500D5866C /* Neighbor.ttf */; };
		55DCD17F2A2C6F5500D5866C /* Neighbor-Italic.ttf in Resources */ = {isa = PBXBuildFile; fileRef = 55DCD1792A2C6F5500D5866C /* Neighbor-Italic.ttf */; };
		55DCD1802A2C6F5500D5866C /* Neighbor-Bold.ttf in Resources */ = {isa = PBXBuildFile; fileRef = 55DCD17A2A2C6F5500D5866C /* Neighbor-Bold.ttf */; };
		55DCD1812A2C6F5500D5866C /* Neighbor-BoldItalic.ttf in Resources */ = {isa = PBXBuildFile; fileRef = 55DCD17B2A2C6F5500D5866C /* Neighbor-BoldItalic.ttf */; };
		55DCD1832A2C955100D5866C /* PlayerMeasuresData.swift in Sources */ = {isa = PBXBuildFile; fileRef = 55DCD1822A2C955100D5866C /* PlayerMeasuresData.swift */; };
		55F7FD6429EA8D9200617907 /* Voley_StatsApp.swift in Sources */ = {isa = PBXBuildFile; fileRef = 55F7FD6329EA8D9200617907 /* Voley_StatsApp.swift */; };
		55F7FD6829EA8D9300617907 /* Assets.xcassets in Resources */ = {isa = PBXBuildFile; fileRef = 55F7FD6729EA8D9300617907 /* Assets.xcassets */; };
		55F7FD6C29EA8D9300617907 /* Preview Assets.xcassets in Resources */ = {isa = PBXBuildFile; fileRef = 55F7FD6B29EA8D9300617907 /* Preview Assets.xcassets */; };
		55F7FD7629EA8D9400617907 /* Voley_StatsTests.swift in Sources */ = {isa = PBXBuildFile; fileRef = 55F7FD7529EA8D9400617907 /* Voley_StatsTests.swift */; };
		55F7FD8029EA8D9400617907 /* Voley_StatsUITests.swift in Sources */ = {isa = PBXBuildFile; fileRef = 55F7FD7F29EA8D9400617907 /* Voley_StatsUITests.swift */; };
		55F7FD8229EA8D9400617907 /* Voley_StatsUITestsLaunchTests.swift in Sources */ = {isa = PBXBuildFile; fileRef = 55F7FD8129EA8D9400617907 /* Voley_StatsUITestsLaunchTests.swift */; };
		55F7FD9029EA8F0A00617907 /* UIPilot in Frameworks */ = {isa = PBXBuildFile; productRef = 55F7FD8F29EA8F0A00617907 /* UIPilot */; };
		55F7FD9329EA8F3C00617907 /* SQLite in Frameworks */ = {isa = PBXBuildFile; productRef = 55F7FD9229EA8F3C00617907 /* SQLite */; };
		55FD5DDC2A152B0900C9844E /* Font.swift in Sources */ = {isa = PBXBuildFile; fileRef = 55FD5DDB2A152B0900C9844E /* Font.swift */; };
		55FD5DDE2A152B9A00C9844E /* Scout.swift in Sources */ = {isa = PBXBuildFile; fileRef = 55FD5DDD2A152B9A00C9844E /* Scout.swift */; };
		55FD5DE02A152C7D00C9844E /* AttackScouting.swift in Sources */ = {isa = PBXBuildFile; fileRef = 55FD5DDF2A152C7D00C9844E /* AttackScouting.swift */; };
		55FD5DE22A152CB600C9844E /* DigScouting.swift in Sources */ = {isa = PBXBuildFile; fileRef = 55FD5DE12A152CB600C9844E /* DigScouting.swift */; };
		55FD5DE42A152CED00C9844E /* ReceiveScouting.swift in Sources */ = {isa = PBXBuildFile; fileRef = 55FD5DE32A152CED00C9844E /* ReceiveScouting.swift */; };
		55FD5DE62A152D0000C9844E /* ServeScouting.swift in Sources */ = {isa = PBXBuildFile; fileRef = 55FD5DE52A152D0000C9844E /* ServeScouting.swift */; };
		55FD5DE82A152D9A00C9844E /* ScoutData.swift in Sources */ = {isa = PBXBuildFile; fileRef = 55FD5DE72A152D9A00C9844E /* ScoutData.swift */; };
		55FD5DEA2A152DA800C9844E /* Scouting.swift in Sources */ = {isa = PBXBuildFile; fileRef = 55FD5DE92A152DA800C9844E /* Scouting.swift */; };
		55FD5DED2A196B7300C9844E /* Tournament.swift in Sources */ = {isa = PBXBuildFile; fileRef = 55FD5DEC2A196B7300C9844E /* Tournament.swift */; };
		55FD5DEF2A1A2B8000C9844E /* TournamentData.swift in Sources */ = {isa = PBXBuildFile; fileRef = 55FD5DEE2A1A2B8000C9844E /* TournamentData.swift */; };
		55FD5DF32A1C909800C9844E /* ListMatches.swift in Sources */ = {isa = PBXBuildFile; fileRef = 55FD5DF22A1C909800C9844E /* ListMatches.swift */; };
		55FD5DF52A1C9F1C00C9844E /* MultiMatchStats.swift in Sources */ = {isa = PBXBuildFile; fileRef = 55FD5DF42A1C9F1C00C9844E /* MultiMatchStats.swift */; };
		55FD5DF92A1F39C000C9844E /* Session.swift in Sources */ = {isa = PBXBuildFile; fileRef = 55FD5DF82A1F39C000C9844E /* Session.swift */; };
		55FD5DFB2A1F39CC00C9844E /* PlayerMeasures.swift in Sources */ = {isa = PBXBuildFile; fileRef = 55FD5DFA2A1F39CC00C9844E /* PlayerMeasures.swift */; };
		55FD5DFD2A1F39E000C9844E /* SessionExercise.swift in Sources */ = {isa = PBXBuildFile; fileRef = 55FD5DFC2A1F39E000C9844E /* SessionExercise.swift */; };
/* End PBXBuildFile section */

/* Begin PBXFileReference section */
		5556E08E29F1416A00D8F7B5 /* ListTeams.swift */ = {isa = PBXFileReference; lastKnownFileType = sourcecode.swift; path = ListTeams.swift; sourceTree = "<group>"; };
		5556E09029F141B400D8F7B5 /* Capture.swift */ = {isa = PBXFileReference; lastKnownFileType = sourcecode.swift; path = Capture.swift; sourceTree = "<group>"; };
		5556E09229F141C000D8F7B5 /* CountExercise.swift */ = {isa = PBXFileReference; lastKnownFileType = sourcecode.swift; path = CountExercise.swift; sourceTree = "<group>"; };
		5556E09429F141D000D8F7B5 /* ExerciseData.swift */ = {isa = PBXFileReference; lastKnownFileType = sourcecode.swift; path = ExerciseData.swift; sourceTree = "<group>"; };
		5556E09629F141E000D8F7B5 /* ExerciseView.swift */ = {isa = PBXFileReference; lastKnownFileType = sourcecode.swift; path = ExerciseView.swift; sourceTree = "<group>"; };
		5556E09829F141EB00D8F7B5 /* ListQuickNotes.swift */ = {isa = PBXFileReference; lastKnownFileType = sourcecode.swift; path = ListQuickNotes.swift; sourceTree = "<group>"; };
		5556E09A29F141F300D8F7B5 /* MatchData.swift */ = {isa = PBXFileReference; lastKnownFileType = sourcecode.swift; path = MatchData.swift; sourceTree = "<group>"; };
		5556E09C29F141FD00D8F7B5 /* MatchStats.swift */ = {isa = PBXFileReference; lastKnownFileType = sourcecode.swift; path = MatchStats.swift; sourceTree = "<group>"; };
		5556E09E29F1420700D8F7B5 /* PlayerData.swift */ = {isa = PBXFileReference; lastKnownFileType = sourcecode.swift; path = PlayerData.swift; sourceTree = "<group>"; };
		5556E0A029F1421100D8F7B5 /* PointLog.swift */ = {isa = PBXFileReference; lastKnownFileType = sourcecode.swift; path = PointLog.swift; sourceTree = "<group>"; };
		5556E0A229F1421D00D8F7B5 /* QuickNoteExercise.swift */ = {isa = PBXFileReference; lastKnownFileType = sourcecode.swift; path = QuickNoteExercise.swift; sourceTree = "<group>"; };
		5556E0A429F1422400D8F7B5 /* SetData.swift */ = {isa = PBXFileReference; lastKnownFileType = sourcecode.swift; path = SetData.swift; sourceTree = "<group>"; };
		5556E0A629F1422C00D8F7B5 /* SetStats.swift */ = {isa = PBXFileReference; lastKnownFileType = sourcecode.swift; path = SetStats.swift; sourceTree = "<group>"; };
		5556E0A829F1423600D8F7B5 /* StatsExercise.swift */ = {isa = PBXFileReference; lastKnownFileType = sourcecode.swift; path = StatsExercise.swift; sourceTree = "<group>"; };
		5556E0AA29F1423E00D8F7B5 /* StatsView.swift */ = {isa = PBXFileReference; lastKnownFileType = sourcecode.swift; path = StatsView.swift; sourceTree = "<group>"; };
		5556E0AC29F1424600D8F7B5 /* TeamData.swift */ = {isa = PBXFileReference; lastKnownFileType = sourcecode.swift; path = TeamData.swift; sourceTree = "<group>"; };
		5556E0AE29F1424F00D8F7B5 /* TrainStats.swift */ = {isa = PBXFileReference; lastKnownFileType = sourcecode.swift; path = TrainStats.swift; sourceTree = "<group>"; };
		5556E0B129F1433000D8F7B5 /* Action.swift */ = {isa = PBXFileReference; lastKnownFileType = sourcecode.swift; path = Action.swift; sourceTree = "<group>"; };
		5556E0B329F1433700D8F7B5 /* DB.swift */ = {isa = PBXFileReference; lastKnownFileType = sourcecode.swift; path = DB.swift; sourceTree = "<group>"; };
		5556E0B529F1433E00D8F7B5 /* Exercise.swift */ = {isa = PBXFileReference; lastKnownFileType = sourcecode.swift; path = Exercise.swift; sourceTree = "<group>"; };
		5556E0B729F1434800D8F7B5 /* Improve.swift */ = {isa = PBXFileReference; lastKnownFileType = sourcecode.swift; path = Improve.swift; sourceTree = "<group>"; };
		5556E0B929F1434E00D8F7B5 /* Match.swift */ = {isa = PBXFileReference; lastKnownFileType = sourcecode.swift; path = Match.swift; sourceTree = "<group>"; };
		5556E0BB29F1435600D8F7B5 /* PDF.swift */ = {isa = PBXFileReference; lastKnownFileType = sourcecode.swift; path = PDF.swift; sourceTree = "<group>"; };
		5556E0BD29F1436000D8F7B5 /* PDFElement.swift */ = {isa = PBXFileReference; lastKnownFileType = sourcecode.swift; path = PDFElement.swift; sourceTree = "<group>"; };
		5556E0BF29F1436500D8F7B5 /* Player.swift */ = {isa = PBXFileReference; lastKnownFileType = sourcecode.swift; path = Player.swift; sourceTree = "<group>"; };
		5556E0C129F1436E00D8F7B5 /* QuickNote.swift */ = {isa = PBXFileReference; lastKnownFileType = sourcecode.swift; path = QuickNote.swift; sourceTree = "<group>"; };
		5556E0C329F1437400D8F7B5 /* Set.swift */ = {isa = PBXFileReference; lastKnownFileType = sourcecode.swift; path = Set.swift; sourceTree = "<group>"; };
		5556E0C529F1437F00D8F7B5 /* Stat.swift */ = {isa = PBXFileReference; lastKnownFileType = sourcecode.swift; path = Stat.swift; sourceTree = "<group>"; };
		5556E0C729F1438500D8F7B5 /* Team.swift */ = {isa = PBXFileReference; lastKnownFileType = sourcecode.swift; path = Team.swift; sourceTree = "<group>"; };
		5556E0CA29F1444600D8F7B5 /* Color.swift */ = {isa = PBXFileReference; lastKnownFileType = sourcecode.swift; path = Color.swift; sourceTree = "<group>"; };
		5556E0CC29F1444E00D8F7B5 /* TextField.swift */ = {isa = PBXFileReference; lastKnownFileType = sourcecode.swift; path = TextField.swift; sourceTree = "<group>"; };
		5556E0D029F144AE00D8F7B5 /* CircleGraph.swift */ = {isa = PBXFileReference; lastKnownFileType = sourcecode.swift; path = CircleGraph.swift; sourceTree = "<group>"; };
		5556E0D229F144BA00D8F7B5 /* CollapsibleListElement.swift */ = {isa = PBXFileReference; lastKnownFileType = sourcecode.swift; path = CollapsibleListElement.swift; sourceTree = "<group>"; };
		5556E0D429F144C200D8F7B5 /* Court.swift */ = {isa = PBXFileReference; lastKnownFileType = sourcecode.swift; path = Court.swift; sourceTree = "<group>"; };
		5556E0D629F144CD00D8F7B5 /* ExerciseListElement.swift */ = {isa = PBXFileReference; lastKnownFileType = sourcecode.swift; path = ExerciseListElement.swift; sourceTree = "<group>"; };
		5556E0D829F144D600D8F7B5 /* ListElement.swift */ = {isa = PBXFileReference; lastKnownFileType = sourcecode.swift; path = ListElement.swift; sourceTree = "<group>"; };
		5556E0DA29F144DE00D8F7B5 /* PieChart.swift */ = {isa = PBXFileReference; lastKnownFileType = sourcecode.swift; path = PieChart.swift; sourceTree = "<group>"; };
		5556E0DC29F144E800D8F7B5 /* TabButton.swift */ = {isa = PBXFileReference; lastKnownFileType = sourcecode.swift; path = TabButton.swift; sourceTree = "<group>"; };
		5556E0DE29F144EF00D8F7B5 /* TeamCard.swift */ = {isa = PBXFileReference; lastKnownFileType = sourcecode.swift; path = TeamCard.swift; sourceTree = "<group>"; };
		5556E0E029F1454C00D8F7B5 /* AttackTable.swift */ = {isa = PBXFileReference; lastKnownFileType = sourcecode.swift; path = AttackTable.swift; sourceTree = "<group>"; };
		5556E0E229F1455100D8F7B5 /* BlockTable.swift */ = {isa = PBXFileReference; lastKnownFileType = sourcecode.swift; path = BlockTable.swift; sourceTree = "<group>"; };
		5556E0E429F1455800D8F7B5 /* DigTable.swift */ = {isa = PBXFileReference; lastKnownFileType = sourcecode.swift; path = DigTable.swift; sourceTree = "<group>"; };
		5556E0E629F1456100D8F7B5 /* DownBallTable.swift */ = {isa = PBXFileReference; lastKnownFileType = sourcecode.swift; path = DownBallTable.swift; sourceTree = "<group>"; };
		5556E0E829F1456700D8F7B5 /* FaultTable.swift */ = {isa = PBXFileReference; lastKnownFileType = sourcecode.swift; path = FaultTable.swift; sourceTree = "<group>"; };
		5556E0EA29F1456F00D8F7B5 /* FreeTable.swift */ = {isa = PBXFileReference; lastKnownFileType = sourcecode.swift; path = FreeTable.swift; sourceTree = "<group>"; };
		5556E0EC29F1457500D8F7B5 /* GeneralTable.swift */ = {isa = PBXFileReference; lastKnownFileType = sourcecode.swift; path = GeneralTable.swift; sourceTree = "<group>"; };
		5556E0EE29F1457A00D8F7B5 /* ReceiveTable.swift */ = {isa = PBXFileReference; lastKnownFileType = sourcecode.swift; path = ReceiveTable.swift; sourceTree = "<group>"; };
		5556E0F029F1457F00D8F7B5 /* ServeTable.swift */ = {isa = PBXFileReference; lastKnownFileType = sourcecode.swift; path = ServeTable.swift; sourceTree = "<group>"; };
		5556E0F229F1458500D8F7B5 /* SetTable.swift */ = {isa = PBXFileReference; lastKnownFileType = sourcecode.swift; path = SetTable.swift; sourceTree = "<group>"; };
		5556E0F429F1467C00D8F7B5 /* String.swift */ = {isa = PBXFileReference; lastKnownFileType = sourcecode.swift; path = String.swift; sourceTree = "<group>"; };
		5556E0F629F1469200D8F7B5 /* Lang.swift */ = {isa = PBXFileReference; lastKnownFileType = sourcecode.swift; path = Lang.swift; sourceTree = "<group>"; };
		555B5E612AED75F50019C650 /* SessionManager.swift */ = {isa = PBXFileReference; lastKnownFileType = sourcecode.swift; path = SessionManager.swift; sourceTree = "<group>"; };
		559E3E312A9670B40040FF59 /* Rotation.swift */ = {isa = PBXFileReference; lastKnownFileType = sourcecode.swift; path = Rotation.swift; sourceTree = "<group>"; };
		559E3E332A975B3B0040FF59 /* PlayerView.swift */ = {isa = PBXFileReference; lastKnownFileType = sourcecode.swift; path = PlayerView.swift; sourceTree = "<group>"; };
		55AC07FD2A55B17B00C66295 /* SessionData.swift */ = {isa = PBXFileReference; lastKnownFileType = sourcecode.swift; path = SessionData.swift; sourceTree = "<group>"; };
		55C5210D2AE95665001E6854 /* CaptureHelp.swift */ = {isa = PBXFileReference; lastKnownFileType = sourcecode.swift; path = CaptureHelp.swift; sourceTree = "<group>"; };
		55CAAE582A6C2D9600045E29 /* LineChart.swift */ = {isa = PBXFileReference; lastKnownFileType = sourcecode.swift; path = LineChart.swift; sourceTree = "<group>"; };
		55DCD1722A27301900D5866C /* ScoutingCourt.swift */ = {isa = PBXFileReference; lastKnownFileType = sourcecode.swift; path = ScoutingCourt.swift; sourceTree = "<group>"; };
		55DCD1762A2C6F5500D5866C /* Neighbor-Light.ttf */ = {isa = PBXFileReference; lastKnownFileType = file; name = "Neighbor-Light.ttf"; path = "../../../../../../Downloads/Neighbor-Light.ttf"; sourceTree = "<group>"; };
		55DCD1772A2C6F5500D5866C /* Neighbor-LightItalic.ttf */ = {isa = PBXFileReference; lastKnownFileType = file; name = "Neighbor-LightItalic.ttf"; path = "../../../../../../Downloads/Neighbor-LightItalic.ttf"; sourceTree = "<group>"; };
		55DCD1782A2C6F5500D5866C /* Neighbor.ttf */ = {isa = PBXFileReference; lastKnownFileType = file; name = Neighbor.ttf; path = ../../../../../../Downloads/Neighbor.ttf; sourceTree = "<group>"; };
		55DCD1792A2C6F5500D5866C /* Neighbor-Italic.ttf */ = {isa = PBXFileReference; lastKnownFileType = file; name = "Neighbor-Italic.ttf"; path = "../../../../../../Downloads/Neighbor-Italic.ttf"; sourceTree = "<group>"; };
		55DCD17A2A2C6F5500D5866C /* Neighbor-Bold.ttf */ = {isa = PBXFileReference; lastKnownFileType = file; name = "Neighbor-Bold.ttf"; path = "../../../../../../Downloads/Neighbor-Bold.ttf"; sourceTree = "<group>"; };
		55DCD17B2A2C6F5500D5866C /* Neighbor-BoldItalic.ttf */ = {isa = PBXFileReference; lastKnownFileType = file; name = "Neighbor-BoldItalic.ttf"; path = "../../../../../../Downloads/Neighbor-BoldItalic.ttf"; sourceTree = "<group>"; };
		55DCD1822A2C955100D5866C /* PlayerMeasuresData.swift */ = {isa = PBXFileReference; lastKnownFileType = sourcecode.swift; path = PlayerMeasuresData.swift; sourceTree = "<group>"; };
		55F7FD6029EA8D9200617907 /* Voley Stats.app */ = {isa = PBXFileReference; explicitFileType = wrapper.application; includeInIndex = 0; path = "Voley Stats.app"; sourceTree = BUILT_PRODUCTS_DIR; };
		55F7FD6329EA8D9200617907 /* Voley_StatsApp.swift */ = {isa = PBXFileReference; lastKnownFileType = sourcecode.swift; path = Voley_StatsApp.swift; sourceTree = "<group>"; };
		55F7FD6729EA8D9300617907 /* Assets.xcassets */ = {isa = PBXFileReference; lastKnownFileType = folder.assetcatalog; path = Assets.xcassets; sourceTree = "<group>"; };
		55F7FD6929EA8D9300617907 /* Voley_Stats.entitlements */ = {isa = PBXFileReference; lastKnownFileType = text.plist.entitlements; path = Voley_Stats.entitlements; sourceTree = "<group>"; };
		55F7FD6B29EA8D9300617907 /* Preview Assets.xcassets */ = {isa = PBXFileReference; lastKnownFileType = folder.assetcatalog; path = "Preview Assets.xcassets"; sourceTree = "<group>"; };
		55F7FD7129EA8D9400617907 /* Voley StatsTests.xctest */ = {isa = PBXFileReference; explicitFileType = wrapper.cfbundle; includeInIndex = 0; path = "Voley StatsTests.xctest"; sourceTree = BUILT_PRODUCTS_DIR; };
		55F7FD7529EA8D9400617907 /* Voley_StatsTests.swift */ = {isa = PBXFileReference; lastKnownFileType = sourcecode.swift; path = Voley_StatsTests.swift; sourceTree = "<group>"; };
		55F7FD7B29EA8D9400617907 /* Voley StatsUITests.xctest */ = {isa = PBXFileReference; explicitFileType = wrapper.cfbundle; includeInIndex = 0; path = "Voley StatsUITests.xctest"; sourceTree = BUILT_PRODUCTS_DIR; };
		55F7FD7F29EA8D9400617907 /* Voley_StatsUITests.swift */ = {isa = PBXFileReference; lastKnownFileType = sourcecode.swift; path = Voley_StatsUITests.swift; sourceTree = "<group>"; };
		55F7FD8129EA8D9400617907 /* Voley_StatsUITestsLaunchTests.swift */ = {isa = PBXFileReference; lastKnownFileType = sourcecode.swift; path = Voley_StatsUITestsLaunchTests.swift; sourceTree = "<group>"; };
		55FD5DDB2A152B0900C9844E /* Font.swift */ = {isa = PBXFileReference; lastKnownFileType = sourcecode.swift; path = Font.swift; sourceTree = "<group>"; };
		55FD5DDD2A152B9A00C9844E /* Scout.swift */ = {isa = PBXFileReference; lastKnownFileType = sourcecode.swift; path = Scout.swift; sourceTree = "<group>"; };
		55FD5DDF2A152C7D00C9844E /* AttackScouting.swift */ = {isa = PBXFileReference; lastKnownFileType = sourcecode.swift; path = AttackScouting.swift; sourceTree = "<group>"; };
		55FD5DE12A152CB600C9844E /* DigScouting.swift */ = {isa = PBXFileReference; lastKnownFileType = sourcecode.swift; path = DigScouting.swift; sourceTree = "<group>"; };
		55FD5DE32A152CED00C9844E /* ReceiveScouting.swift */ = {isa = PBXFileReference; lastKnownFileType = sourcecode.swift; path = ReceiveScouting.swift; sourceTree = "<group>"; };
		55FD5DE52A152D0000C9844E /* ServeScouting.swift */ = {isa = PBXFileReference; lastKnownFileType = sourcecode.swift; path = ServeScouting.swift; sourceTree = "<group>"; };
		55FD5DE72A152D9A00C9844E /* ScoutData.swift */ = {isa = PBXFileReference; lastKnownFileType = sourcecode.swift; path = ScoutData.swift; sourceTree = "<group>"; };
		55FD5DE92A152DA800C9844E /* Scouting.swift */ = {isa = PBXFileReference; lastKnownFileType = sourcecode.swift; path = Scouting.swift; sourceTree = "<group>"; };
		55FD5DEB2A15337E00C9844E /* Voley-Stats-Info.plist */ = {isa = PBXFileReference; lastKnownFileType = text.plist; path = "Voley-Stats-Info.plist"; sourceTree = SOURCE_ROOT; };
		55FD5DEC2A196B7300C9844E /* Tournament.swift */ = {isa = PBXFileReference; lastKnownFileType = sourcecode.swift; path = Tournament.swift; sourceTree = "<group>"; };
		55FD5DEE2A1A2B8000C9844E /* TournamentData.swift */ = {isa = PBXFileReference; lastKnownFileType = sourcecode.swift; path = TournamentData.swift; sourceTree = "<group>"; };
		55FD5DF22A1C909800C9844E /* ListMatches.swift */ = {isa = PBXFileReference; lastKnownFileType = sourcecode.swift; path = ListMatches.swift; sourceTree = "<group>"; };
		55FD5DF42A1C9F1C00C9844E /* MultiMatchStats.swift */ = {isa = PBXFileReference; lastKnownFileType = sourcecode.swift; path = MultiMatchStats.swift; sourceTree = "<group>"; };
		55FD5DF82A1F39C000C9844E /* Session.swift */ = {isa = PBXFileReference; lastKnownFileType = sourcecode.swift; path = Session.swift; sourceTree = "<group>"; };
		55FD5DFA2A1F39CC00C9844E /* PlayerMeasures.swift */ = {isa = PBXFileReference; lastKnownFileType = sourcecode.swift; path = PlayerMeasures.swift; sourceTree = "<group>"; };
		55FD5DFC2A1F39E000C9844E /* SessionExercise.swift */ = {isa = PBXFileReference; lastKnownFileType = sourcecode.swift; path = SessionExercise.swift; sourceTree = "<group>"; };
/* End PBXFileReference section */

/* Begin PBXFrameworksBuildPhase section */
		55F7FD5D29EA8D9200617907 /* Frameworks */ = {
			isa = PBXFrameworksBuildPhase;
			buildActionMask = 2147483647;
			files = (
				55F7FD9329EA8F3C00617907 /* SQLite in Frameworks */,
				55F7FD9029EA8F0A00617907 /* UIPilot in Frameworks */,
			);
			runOnlyForDeploymentPostprocessing = 0;
		};
		55F7FD6E29EA8D9400617907 /* Frameworks */ = {
			isa = PBXFrameworksBuildPhase;
			buildActionMask = 2147483647;
			files = (
			);
			runOnlyForDeploymentPostprocessing = 0;
		};
		55F7FD7829EA8D9400617907 /* Frameworks */ = {
			isa = PBXFrameworksBuildPhase;
			buildActionMask = 2147483647;
			files = (
			);
			runOnlyForDeploymentPostprocessing = 0;
		};
/* End PBXFrameworksBuildPhase section */

/* Begin PBXGroup section */
		5556E08D29F1414600D8F7B5 /* Views */ = {
			isa = PBXGroup;
			children = (
				5556E08E29F1416A00D8F7B5 /* ListTeams.swift */,
				5556E09029F141B400D8F7B5 /* Capture.swift */,
				5556E09229F141C000D8F7B5 /* CountExercise.swift */,
				5556E09429F141D000D8F7B5 /* ExerciseData.swift */,
				5556E09629F141E000D8F7B5 /* ExerciseView.swift */,
				5556E09829F141EB00D8F7B5 /* ListQuickNotes.swift */,
				5556E09A29F141F300D8F7B5 /* MatchData.swift */,
				5556E09C29F141FD00D8F7B5 /* MatchStats.swift */,
				5556E09E29F1420700D8F7B5 /* PlayerData.swift */,
				5556E0A029F1421100D8F7B5 /* PointLog.swift */,
				55FD5DE72A152D9A00C9844E /* ScoutData.swift */,
				5556E0A229F1421D00D8F7B5 /* QuickNoteExercise.swift */,
				55FD5DE92A152DA800C9844E /* Scouting.swift */,
				5556E0A429F1422400D8F7B5 /* SetData.swift */,
				5556E0A629F1422C00D8F7B5 /* SetStats.swift */,
				5556E0A829F1423600D8F7B5 /* StatsExercise.swift */,
				5556E0AA29F1423E00D8F7B5 /* StatsView.swift */,
				5556E0AC29F1424600D8F7B5 /* TeamData.swift */,
				5556E0AE29F1424F00D8F7B5 /* TrainStats.swift */,
				55FD5DEE2A1A2B8000C9844E /* TournamentData.swift */,
				55FD5DF22A1C909800C9844E /* ListMatches.swift */,
				55FD5DF42A1C9F1C00C9844E /* MultiMatchStats.swift */,
				55DCD1822A2C955100D5866C /* PlayerMeasuresData.swift */,
				55AC07FD2A55B17B00C66295 /* SessionData.swift */,
				559E3E332A975B3B0040FF59 /* PlayerView.swift */,
				55C5210D2AE95665001E6854 /* CaptureHelp.swift */,
			);
			path = Views;
			sourceTree = "<group>";
		};
		5556E0B029F1431E00D8F7B5 /* Models */ = {
			isa = PBXGroup;
			children = (
				5556E0B129F1433000D8F7B5 /* Action.swift */,
				5556E0B329F1433700D8F7B5 /* DB.swift */,
				5556E0B529F1433E00D8F7B5 /* Exercise.swift */,
				5556E0B729F1434800D8F7B5 /* Improve.swift */,
				5556E0B929F1434E00D8F7B5 /* Match.swift */,
				5556E0BB29F1435600D8F7B5 /* PDF.swift */,
				5556E0BD29F1436000D8F7B5 /* PDFElement.swift */,
				5556E0BF29F1436500D8F7B5 /* Player.swift */,
				5556E0C129F1436E00D8F7B5 /* QuickNote.swift */,
				5556E0C329F1437400D8F7B5 /* Set.swift */,
				5556E0C529F1437F00D8F7B5 /* Stat.swift */,
				55FD5DDD2A152B9A00C9844E /* Scout.swift */,
				5556E0C729F1438500D8F7B5 /* Team.swift */,
				5556E0F629F1469200D8F7B5 /* Lang.swift */,
				55FD5DEC2A196B7300C9844E /* Tournament.swift */,
				55FD5DF82A1F39C000C9844E /* Session.swift */,
				55FD5DFA2A1F39CC00C9844E /* PlayerMeasures.swift */,
				55FD5DFC2A1F39E000C9844E /* SessionExercise.swift */,
				559E3E312A9670B40040FF59 /* Rotation.swift */,
				555B5E612AED75F50019C650 /* SessionManager.swift */,
			);
			path = Models;
			sourceTree = "<group>";
		};
		5556E0C929F1443900D8F7B5 /* Extensions */ = {
			isa = PBXGroup;
			children = (
				5556E0CA29F1444600D8F7B5 /* Color.swift */,
				5556E0CC29F1444E00D8F7B5 /* TextField.swift */,
				5556E0F429F1467C00D8F7B5 /* String.swift */,
				55FD5DDB2A152B0900C9844E /* Font.swift */,
			);
			path = Extensions;
			sourceTree = "<group>";
		};
		5556E0CE29F1448A00D8F7B5 /* Stats tables */ = {
			isa = PBXGroup;
			children = (
				5556E0E029F1454C00D8F7B5 /* AttackTable.swift */,
				5556E0E229F1455100D8F7B5 /* BlockTable.swift */,
				5556E0E429F1455800D8F7B5 /* DigTable.swift */,
				5556E0E629F1456100D8F7B5 /* DownBallTable.swift */,
				5556E0E829F1456700D8F7B5 /* FaultTable.swift */,
				5556E0EA29F1456F00D8F7B5 /* FreeTable.swift */,
				5556E0EC29F1457500D8F7B5 /* GeneralTable.swift */,
				5556E0EE29F1457A00D8F7B5 /* ReceiveTable.swift */,
				5556E0F029F1457F00D8F7B5 /* ServeTable.swift */,
				5556E0F229F1458500D8F7B5 /* SetTable.swift */,
			);
			path = "Stats tables";
			sourceTree = "<group>";
		};
		5556E0CF29F1449500D8F7B5 /* UI Elements */ = {
			isa = PBXGroup;
			children = (
				5556E0D029F144AE00D8F7B5 /* CircleGraph.swift */,
				55FD5DDF2A152C7D00C9844E /* AttackScouting.swift */,
				5556E0D229F144BA00D8F7B5 /* CollapsibleListElement.swift */,
				5556E0D429F144C200D8F7B5 /* Court.swift */,
				5556E0D629F144CD00D8F7B5 /* ExerciseListElement.swift */,
				55FD5DE12A152CB600C9844E /* DigScouting.swift */,
				5556E0D829F144D600D8F7B5 /* ListElement.swift */,
				55FD5DE32A152CED00C9844E /* ReceiveScouting.swift */,
				5556E0DA29F144DE00D8F7B5 /* PieChart.swift */,
				5556E0DC29F144E800D8F7B5 /* TabButton.swift */,
				55FD5DE52A152D0000C9844E /* ServeScouting.swift */,
				55DCD1722A27301900D5866C /* ScoutingCourt.swift */,
				5556E0DE29F144EF00D8F7B5 /* TeamCard.swift */,
				55CAAE582A6C2D9600045E29 /* LineChart.swift */,
			);
			path = "UI Elements";
			sourceTree = "<group>";
		};
		55DCD1742A2C6EEA00D5866C /* Resources */ = {
			isa = PBXGroup;
			children = (
				55DCD1752A2C6F1400D5866C /* fonts */,
			);
			path = Resources;
			sourceTree = "<group>";
		};
		55DCD1752A2C6F1400D5866C /* fonts */ = {
			isa = PBXGroup;
			children = (
				55DCD17A2A2C6F5500D5866C /* Neighbor-Bold.ttf */,
				55DCD17B2A2C6F5500D5866C /* Neighbor-BoldItalic.ttf */,
				55DCD1792A2C6F5500D5866C /* Neighbor-Italic.ttf */,
				55DCD1762A2C6F5500D5866C /* Neighbor-Light.ttf */,
				55DCD1772A2C6F5500D5866C /* Neighbor-LightItalic.ttf */,
				55DCD1782A2C6F5500D5866C /* Neighbor.ttf */,
			);
			path = fonts;
			sourceTree = "<group>";
		};
		55F7FD5729EA8D9200617907 = {
			isa = PBXGroup;
			children = (
				55F7FD6129EA8D9200617907 /* Products */,
				55F7FD6229EA8D9200617907 /* Voley Stats */,
				55F7FD7429EA8D9400617907 /* Voley StatsTests */,
				55F7FD7E29EA8D9400617907 /* Voley StatsUITests */,
			);
			sourceTree = "<group>";
		};
		55F7FD6129EA8D9200617907 /* Products */ = {
			isa = PBXGroup;
			children = (
				55F7FD6029EA8D9200617907 /* Voley Stats.app */,
				55F7FD7129EA8D9400617907 /* Voley StatsTests.xctest */,
				55F7FD7B29EA8D9400617907 /* Voley StatsUITests.xctest */,
			);
			name = Products;
			sourceTree = "<group>";
		};
		55F7FD6229EA8D9200617907 /* Voley Stats */ = {
			isa = PBXGroup;
			children = (
				55DCD1742A2C6EEA00D5866C /* Resources */,
				55FD5DEB2A15337E00C9844E /* Voley-Stats-Info.plist */,
				5556E0CF29F1449500D8F7B5 /* UI Elements */,
				5556E0CE29F1448A00D8F7B5 /* Stats tables */,
				5556E0C929F1443900D8F7B5 /* Extensions */,
				5556E0B029F1431E00D8F7B5 /* Models */,
				5556E08D29F1414600D8F7B5 /* Views */,
				55F7FD6329EA8D9200617907 /* Voley_StatsApp.swift */,
				55F7FD6729EA8D9300617907 /* Assets.xcassets */,
				55F7FD6929EA8D9300617907 /* Voley_Stats.entitlements */,
				55F7FD6A29EA8D9300617907 /* Preview Content */,
			);
			path = "Voley Stats";
			sourceTree = "<group>";
		};
		55F7FD6A29EA8D9300617907 /* Preview Content */ = {
			isa = PBXGroup;
			children = (
				55F7FD6B29EA8D9300617907 /* Preview Assets.xcassets */,
			);
			path = "Preview Content";
			sourceTree = "<group>";
		};
		55F7FD7429EA8D9400617907 /* Voley StatsTests */ = {
			isa = PBXGroup;
			children = (
				55F7FD7529EA8D9400617907 /* Voley_StatsTests.swift */,
			);
			path = "Voley StatsTests";
			sourceTree = "<group>";
		};
		55F7FD7E29EA8D9400617907 /* Voley StatsUITests */ = {
			isa = PBXGroup;
			children = (
				55F7FD7F29EA8D9400617907 /* Voley_StatsUITests.swift */,
				55F7FD8129EA8D9400617907 /* Voley_StatsUITestsLaunchTests.swift */,
			);
			path = "Voley StatsUITests";
			sourceTree = "<group>";
		};
/* End PBXGroup section */

/* Begin PBXNativeTarget section */
		55F7FD5F29EA8D9200617907 /* Voley Stats */ = {
			isa = PBXNativeTarget;
			buildConfigurationList = 55F7FD8529EA8D9400617907 /* Build configuration list for PBXNativeTarget "Voley Stats" */;
			buildPhases = (
				55F7FD5C29EA8D9200617907 /* Sources */,
				55F7FD5D29EA8D9200617907 /* Frameworks */,
				55F7FD5E29EA8D9200617907 /* Resources */,
			);
			buildRules = (
			);
			dependencies = (
			);
			name = "Voley Stats";
			packageProductDependencies = (
				55F7FD8F29EA8F0A00617907 /* UIPilot */,
				55F7FD9229EA8F3C00617907 /* SQLite */,
			);
			productName = "Voley Stats";
			productReference = 55F7FD6029EA8D9200617907 /* Voley Stats.app */;
			productType = "com.apple.product-type.application";
		};
		55F7FD7029EA8D9400617907 /* Voley StatsTests */ = {
			isa = PBXNativeTarget;
			buildConfigurationList = 55F7FD8829EA8D9400617907 /* Build configuration list for PBXNativeTarget "Voley StatsTests" */;
			buildPhases = (
				55F7FD6D29EA8D9400617907 /* Sources */,
				55F7FD6E29EA8D9400617907 /* Frameworks */,
				55F7FD6F29EA8D9400617907 /* Resources */,
			);
			buildRules = (
			);
			dependencies = (
			);
			name = "Voley StatsTests";
			productName = "Voley StatsTests";
			productReference = 55F7FD7129EA8D9400617907 /* Voley StatsTests.xctest */;
			productType = "com.apple.product-type.bundle.unit-test";
		};
		55F7FD7A29EA8D9400617907 /* Voley StatsUITests */ = {
			isa = PBXNativeTarget;
			buildConfigurationList = 55F7FD8B29EA8D9400617907 /* Build configuration list for PBXNativeTarget "Voley StatsUITests" */;
			buildPhases = (
				55F7FD7729EA8D9400617907 /* Sources */,
				55F7FD7829EA8D9400617907 /* Frameworks */,
				55F7FD7929EA8D9400617907 /* Resources */,
			);
			buildRules = (
			);
			dependencies = (
			);
			name = "Voley StatsUITests";
			productName = "Voley StatsUITests";
			productReference = 55F7FD7B29EA8D9400617907 /* Voley StatsUITests.xctest */;
			productType = "com.apple.product-type.bundle.ui-testing";
		};
/* End PBXNativeTarget section */

/* Begin PBXProject section */
		55F7FD5829EA8D9200617907 /* Project object */ = {
			isa = PBXProject;
			attributes = {
				BuildIndependentTargetsInParallel = 1;
				LastSwiftUpdateCheck = 1420;
				LastUpgradeCheck = 1420;
				TargetAttributes = {
					55F7FD5F29EA8D9200617907 = {
						CreatedOnToolsVersion = 14.2;
					};
					55F7FD7029EA8D9400617907 = {
						CreatedOnToolsVersion = 14.2;
					};
					55F7FD7A29EA8D9400617907 = {
						CreatedOnToolsVersion = 14.2;
					};
				};
			};
			buildConfigurationList = 55F7FD5B29EA8D9200617907 /* Build configuration list for PBXProject "Voley Stats" */;
			compatibilityVersion = "Xcode 14.0";
			developmentRegion = en;
			hasScannedForEncodings = 0;
			knownRegions = (
				en,
				Base,
				es,
			);
			mainGroup = 55F7FD5729EA8D9200617907;
			packageReferences = (
				55F7FD8E29EA8F0A00617907 /* XCRemoteSwiftPackageReference "UIPilot" */,
				55F7FD9129EA8F3C00617907 /* XCRemoteSwiftPackageReference "SQLite.swift" */,
			);
			productRefGroup = 55F7FD6129EA8D9200617907 /* Products */;
			projectDirPath = "";
			projectRoot = "";
			targets = (
				55F7FD5F29EA8D9200617907 /* Voley Stats */,
				55F7FD7029EA8D9400617907 /* Voley StatsTests */,
				55F7FD7A29EA8D9400617907 /* Voley StatsUITests */,
			);
		};
/* End PBXProject section */

/* Begin PBXResourcesBuildPhase section */
		55F7FD5E29EA8D9200617907 /* Resources */ = {
			isa = PBXResourcesBuildPhase;
			buildActionMask = 2147483647;
			files = (
				55DCD17C2A2C6F5500D5866C /* Neighbor-Light.ttf in Resources */,
				55DCD17E2A2C6F5500D5866C /* Neighbor.ttf in Resources */,
				55DCD17D2A2C6F5500D5866C /* Neighbor-LightItalic.ttf in Resources */,
				55F7FD6C29EA8D9300617907 /* Preview Assets.xcassets in Resources */,
				55DCD17F2A2C6F5500D5866C /* Neighbor-Italic.ttf in Resources */,
				55DCD1812A2C6F5500D5866C /* Neighbor-BoldItalic.ttf in Resources */,
				55DCD1802A2C6F5500D5866C /* Neighbor-Bold.ttf in Resources */,
				55F7FD6829EA8D9300617907 /* Assets.xcassets in Resources */,
			);
			runOnlyForDeploymentPostprocessing = 0;
		};
		55F7FD6F29EA8D9400617907 /* Resources */ = {
			isa = PBXResourcesBuildPhase;
			buildActionMask = 2147483647;
			files = (
			);
			runOnlyForDeploymentPostprocessing = 0;
		};
		55F7FD7929EA8D9400617907 /* Resources */ = {
			isa = PBXResourcesBuildPhase;
			buildActionMask = 2147483647;
			files = (
			);
			runOnlyForDeploymentPostprocessing = 0;
		};
/* End PBXResourcesBuildPhase section */

/* Begin PBXSourcesBuildPhase section */
		55F7FD5C29EA8D9200617907 /* Sources */ = {
			isa = PBXSourcesBuildPhase;
			buildActionMask = 2147483647;
			files = (
				5556E0A529F1422400D8F7B5 /* SetData.swift in Sources */,
				5556E0B229F1433000D8F7B5 /* Action.swift in Sources */,
				5556E09729F141E000D8F7B5 /* ExerciseView.swift in Sources */,
				5556E0F729F1469200D8F7B5 /* Lang.swift in Sources */,
				5556E0A729F1422C00D8F7B5 /* SetStats.swift in Sources */,
				5556E0C229F1436E00D8F7B5 /* QuickNote.swift in Sources */,
				5556E09B29F141F300D8F7B5 /* MatchData.swift in Sources */,
				5556E0D729F144CD00D8F7B5 /* ExerciseListElement.swift in Sources */,
				5556E0C629F1437F00D8F7B5 /* Stat.swift in Sources */,
				5556E0B629F1433E00D8F7B5 /* Exercise.swift in Sources */,
				5556E0DD29F144E800D8F7B5 /* TabButton.swift in Sources */,
				5556E0AB29F1423E00D8F7B5 /* StatsView.swift in Sources */,
				5556E0BA29F1434E00D8F7B5 /* Match.swift in Sources */,
				55FD5DF32A1C909800C9844E /* ListMatches.swift in Sources */,
				5556E0D129F144AE00D8F7B5 /* CircleGraph.swift in Sources */,
				5556E09D29F141FD00D8F7B5 /* MatchStats.swift in Sources */,
				55AC07FE2A55B17B00C66295 /* SessionData.swift in Sources */,
				5556E09529F141D000D8F7B5 /* ExerciseData.swift in Sources */,
				5556E0E329F1455100D8F7B5 /* BlockTable.swift in Sources */,
				5556E0E729F1456100D8F7B5 /* DownBallTable.swift in Sources */,
				55DCD1832A2C955100D5866C /* PlayerMeasuresData.swift in Sources */,
				55FD5DDE2A152B9A00C9844E /* Scout.swift in Sources */,
				5556E0A129F1421100D8F7B5 /* PointLog.swift in Sources */,
				5556E09129F141B400D8F7B5 /* Capture.swift in Sources */,
				5556E0A929F1423600D8F7B5 /* StatsExercise.swift in Sources */,
				5556E0DF29F144EF00D8F7B5 /* TeamCard.swift in Sources */,
				55FD5DE42A152CED00C9844E /* ReceiveScouting.swift in Sources */,
				5556E0D529F144C200D8F7B5 /* Court.swift in Sources */,
				5556E09929F141EB00D8F7B5 /* ListQuickNotes.swift in Sources */,
				55FD5DFB2A1F39CC00C9844E /* PlayerMeasures.swift in Sources */,
				5556E09F29F1420700D8F7B5 /* PlayerData.swift in Sources */,
				5556E0B429F1433700D8F7B5 /* DB.swift in Sources */,
				5556E0E129F1454C00D8F7B5 /* AttackTable.swift in Sources */,
				5556E0C829F1438500D8F7B5 /* Team.swift in Sources */,
				5556E0EF29F1457A00D8F7B5 /* ReceiveTable.swift in Sources */,
				5556E0CD29F1444E00D8F7B5 /* TextField.swift in Sources */,
				5556E0CB29F1444600D8F7B5 /* Color.swift in Sources */,
				5556E0F329F1458500D8F7B5 /* SetTable.swift in Sources */,
				55FD5DE82A152D9A00C9844E /* ScoutData.swift in Sources */,
				5556E08F29F1416A00D8F7B5 /* ListTeams.swift in Sources */,
				55FD5DE62A152D0000C9844E /* ServeScouting.swift in Sources */,
				559E3E322A9670B40040FF59 /* Rotation.swift in Sources */,
				55FD5DF52A1C9F1C00C9844E /* MultiMatchStats.swift in Sources */,
				55C5210E2AE95665001E6854 /* CaptureHelp.swift in Sources */,
				55FD5DEA2A152DA800C9844E /* Scouting.swift in Sources */,
				5556E0B829F1434800D8F7B5 /* Improve.swift in Sources */,
				5556E0C029F1436500D8F7B5 /* Player.swift in Sources */,
				55FD5DE22A152CB600C9844E /* DigScouting.swift in Sources */,
				5556E0D329F144BA00D8F7B5 /* CollapsibleListElement.swift in Sources */,
				5556E0BE29F1436000D8F7B5 /* PDFElement.swift in Sources */,
				55FD5DE02A152C7D00C9844E /* AttackScouting.swift in Sources */,
				5556E0E929F1456700D8F7B5 /* FaultTable.swift in Sources */,
				5556E0DB29F144DE00D8F7B5 /* PieChart.swift in Sources */,
				555B5E622AED75F50019C650 /* SessionManager.swift in Sources */,
				5556E0A329F1421D00D8F7B5 /* QuickNoteExercise.swift in Sources */,
				559E3E342A975B3B0040FF59 /* PlayerView.swift in Sources */,
				55FD5DED2A196B7300C9844E /* Tournament.swift in Sources */,
				5556E0AF29F1424F00D8F7B5 /* TrainStats.swift in Sources */,
				5556E0D929F144D600D8F7B5 /* ListElement.swift in Sources */,
				55FD5DDC2A152B0900C9844E /* Font.swift in Sources */,
				5556E0E529F1455800D8F7B5 /* DigTable.swift in Sources */,
				55F7FD6429EA8D9200617907 /* Voley_StatsApp.swift in Sources */,
				55CAAE592A6C2D9600045E29 /* LineChart.swift in Sources */,
				55FD5DFD2A1F39E000C9844E /* SessionExercise.swift in Sources */,
				5556E0EB29F1456F00D8F7B5 /* FreeTable.swift in Sources */,
				5556E0C429F1437400D8F7B5 /* Set.swift in Sources */,
				55DCD1732A27301900D5866C /* ScoutingCourt.swift in Sources */,
				5556E09329F141C000D8F7B5 /* CountExercise.swift in Sources */,
				5556E0ED29F1457500D8F7B5 /* GeneralTable.swift in Sources */,
				5556E0BC29F1435600D8F7B5 /* PDF.swift in Sources */,
				5556E0F529F1467C00D8F7B5 /* String.swift in Sources */,
				5556E0AD29F1424600D8F7B5 /* TeamData.swift in Sources */,
				55FD5DF92A1F39C000C9844E /* Session.swift in Sources */,
				55FD5DEF2A1A2B8000C9844E /* TournamentData.swift in Sources */,
				5556E0F129F1457F00D8F7B5 /* ServeTable.swift in Sources */,
			);
			runOnlyForDeploymentPostprocessing = 0;
		};
		55F7FD6D29EA8D9400617907 /* Sources */ = {
			isa = PBXSourcesBuildPhase;
			buildActionMask = 2147483647;
			files = (
				55F7FD7629EA8D9400617907 /* Voley_StatsTests.swift in Sources */,
			);
			runOnlyForDeploymentPostprocessing = 0;
		};
		55F7FD7729EA8D9400617907 /* Sources */ = {
			isa = PBXSourcesBuildPhase;
			buildActionMask = 2147483647;
			files = (
				55F7FD8229EA8D9400617907 /* Voley_StatsUITestsLaunchTests.swift in Sources */,
				55F7FD8029EA8D9400617907 /* Voley_StatsUITests.swift in Sources */,
			);
			runOnlyForDeploymentPostprocessing = 0;
		};
/* End PBXSourcesBuildPhase section */

/* Begin XCBuildConfiguration section */
		55F7FD8329EA8D9400617907 /* Debug */ = {
			isa = XCBuildConfiguration;
			buildSettings = {
				ALWAYS_SEARCH_USER_PATHS = NO;
				CLANG_ANALYZER_NONNULL = YES;
				CLANG_ANALYZER_NUMBER_OBJECT_CONVERSION = YES_AGGRESSIVE;
				CLANG_CXX_LANGUAGE_STANDARD = "gnu++20";
				CLANG_ENABLE_MODULES = YES;
				CLANG_ENABLE_OBJC_ARC = YES;
				CLANG_ENABLE_OBJC_WEAK = YES;
				CLANG_WARN_BLOCK_CAPTURE_AUTORELEASING = YES;
				CLANG_WARN_BOOL_CONVERSION = YES;
				CLANG_WARN_COMMA = YES;
				CLANG_WARN_CONSTANT_CONVERSION = YES;
				CLANG_WARN_DEPRECATED_OBJC_IMPLEMENTATIONS = YES;
				CLANG_WARN_DIRECT_OBJC_ISA_USAGE = YES_ERROR;
				CLANG_WARN_DOCUMENTATION_COMMENTS = YES;
				CLANG_WARN_EMPTY_BODY = YES;
				CLANG_WARN_ENUM_CONVERSION = YES;
				CLANG_WARN_INFINITE_RECURSION = YES;
				CLANG_WARN_INT_CONVERSION = YES;
				CLANG_WARN_NON_LITERAL_NULL_CONVERSION = YES;
				CLANG_WARN_OBJC_IMPLICIT_RETAIN_SELF = YES;
				CLANG_WARN_OBJC_LITERAL_CONVERSION = YES;
				CLANG_WARN_OBJC_ROOT_CLASS = YES_ERROR;
				CLANG_WARN_QUOTED_INCLUDE_IN_FRAMEWORK_HEADER = YES;
				CLANG_WARN_RANGE_LOOP_ANALYSIS = YES;
				CLANG_WARN_STRICT_PROTOTYPES = YES;
				CLANG_WARN_SUSPICIOUS_MOVE = YES;
				CLANG_WARN_UNGUARDED_AVAILABILITY = YES_AGGRESSIVE;
				CLANG_WARN_UNREACHABLE_CODE = YES;
				CLANG_WARN__DUPLICATE_METHOD_MATCH = YES;
				COPY_PHASE_STRIP = NO;
				DEBUG_INFORMATION_FORMAT = dwarf;
				ENABLE_STRICT_OBJC_MSGSEND = YES;
				ENABLE_TESTABILITY = YES;
				GCC_C_LANGUAGE_STANDARD = gnu11;
				GCC_DYNAMIC_NO_PIC = NO;
				GCC_NO_COMMON_BLOCKS = YES;
				GCC_OPTIMIZATION_LEVEL = 0;
				GCC_PREPROCESSOR_DEFINITIONS = (
					"DEBUG=1",
					"$(inherited)",
				);
				GCC_WARN_64_TO_32_BIT_CONVERSION = YES;
				GCC_WARN_ABOUT_RETURN_TYPE = YES_ERROR;
				GCC_WARN_UNDECLARED_SELECTOR = YES;
				GCC_WARN_UNINITIALIZED_AUTOS = YES_AGGRESSIVE;
				GCC_WARN_UNUSED_FUNCTION = YES;
				GCC_WARN_UNUSED_VARIABLE = YES;
				IPHONEOS_DEPLOYMENT_TARGET = 15.6;
				MTL_ENABLE_DEBUG_INFO = INCLUDE_SOURCE;
				MTL_FAST_MATH = YES;
				ONLY_ACTIVE_ARCH = YES;
				SWIFT_ACTIVE_COMPILATION_CONDITIONS = DEBUG;
				SWIFT_OPTIMIZATION_LEVEL = "-Onone";
			};
			name = Debug;
		};
		55F7FD8429EA8D9400617907 /* Release */ = {
			isa = XCBuildConfiguration;
			buildSettings = {
				ALWAYS_SEARCH_USER_PATHS = NO;
				CLANG_ANALYZER_NONNULL = YES;
				CLANG_ANALYZER_NUMBER_OBJECT_CONVERSION = YES_AGGRESSIVE;
				CLANG_CXX_LANGUAGE_STANDARD = "gnu++20";
				CLANG_ENABLE_MODULES = YES;
				CLANG_ENABLE_OBJC_ARC = YES;
				CLANG_ENABLE_OBJC_WEAK = YES;
				CLANG_WARN_BLOCK_CAPTURE_AUTORELEASING = YES;
				CLANG_WARN_BOOL_CONVERSION = YES;
				CLANG_WARN_COMMA = YES;
				CLANG_WARN_CONSTANT_CONVERSION = YES;
				CLANG_WARN_DEPRECATED_OBJC_IMPLEMENTATIONS = YES;
				CLANG_WARN_DIRECT_OBJC_ISA_USAGE = YES_ERROR;
				CLANG_WARN_DOCUMENTATION_COMMENTS = YES;
				CLANG_WARN_EMPTY_BODY = YES;
				CLANG_WARN_ENUM_CONVERSION = YES;
				CLANG_WARN_INFINITE_RECURSION = YES;
				CLANG_WARN_INT_CONVERSION = YES;
				CLANG_WARN_NON_LITERAL_NULL_CONVERSION = YES;
				CLANG_WARN_OBJC_IMPLICIT_RETAIN_SELF = YES;
				CLANG_WARN_OBJC_LITERAL_CONVERSION = YES;
				CLANG_WARN_OBJC_ROOT_CLASS = YES_ERROR;
				CLANG_WARN_QUOTED_INCLUDE_IN_FRAMEWORK_HEADER = YES;
				CLANG_WARN_RANGE_LOOP_ANALYSIS = YES;
				CLANG_WARN_STRICT_PROTOTYPES = YES;
				CLANG_WARN_SUSPICIOUS_MOVE = YES;
				CLANG_WARN_UNGUARDED_AVAILABILITY = YES_AGGRESSIVE;
				CLANG_WARN_UNREACHABLE_CODE = YES;
				CLANG_WARN__DUPLICATE_METHOD_MATCH = YES;
				COPY_PHASE_STRIP = NO;
				DEBUG_INFORMATION_FORMAT = "dwarf-with-dsym";
				ENABLE_NS_ASSERTIONS = NO;
				ENABLE_STRICT_OBJC_MSGSEND = YES;
				GCC_C_LANGUAGE_STANDARD = gnu11;
				GCC_NO_COMMON_BLOCKS = YES;
				GCC_WARN_64_TO_32_BIT_CONVERSION = YES;
				GCC_WARN_ABOUT_RETURN_TYPE = YES_ERROR;
				GCC_WARN_UNDECLARED_SELECTOR = YES;
				GCC_WARN_UNINITIALIZED_AUTOS = YES_AGGRESSIVE;
				GCC_WARN_UNUSED_FUNCTION = YES;
				GCC_WARN_UNUSED_VARIABLE = YES;
				IPHONEOS_DEPLOYMENT_TARGET = 15.6;
				MTL_ENABLE_DEBUG_INFO = NO;
				MTL_FAST_MATH = YES;
				SWIFT_COMPILATION_MODE = wholemodule;
				SWIFT_OPTIMIZATION_LEVEL = "-O";
			};
			name = Release;
		};
		55F7FD8629EA8D9400617907 /* Debug */ = {
			isa = XCBuildConfiguration;
			buildSettings = {
				ASSETCATALOG_COMPILER_APPICON_NAME = AppIcon;
				ASSETCATALOG_COMPILER_GLOBAL_ACCENT_COLOR_NAME = AccentColor;
				CODE_SIGN_ENTITLEMENTS = "Voley Stats/Voley_Stats.entitlements";
				CODE_SIGN_STYLE = Automatic;
				CURRENT_PROJECT_VERSION = 1;
				DEVELOPMENT_ASSET_PATHS = "\"Voley Stats/Preview Content\"";
				DEVELOPMENT_TEAM = XVP8NP6YVY;
				ENABLE_HARDENED_RUNTIME = YES;
				ENABLE_PREVIEWS = YES;
				GENERATE_INFOPLIST_FILE = YES;
				INFOPLIST_FILE = "Voley-Stats-Info.plist";
				INFOPLIST_KEY_LSApplicationCategoryType = "public.app-category.sports";
				"INFOPLIST_KEY_UIApplicationSceneManifest_Generation[sdk=iphoneos*]" = YES;
				"INFOPLIST_KEY_UIApplicationSceneManifest_Generation[sdk=iphonesimulator*]" = YES;
				"INFOPLIST_KEY_UIApplicationSupportsIndirectInputEvents[sdk=iphoneos*]" = YES;
				"INFOPLIST_KEY_UIApplicationSupportsIndirectInputEvents[sdk=iphonesimulator*]" = YES;
				"INFOPLIST_KEY_UILaunchScreen_Generation[sdk=iphoneos*]" = YES;
				"INFOPLIST_KEY_UILaunchScreen_Generation[sdk=iphonesimulator*]" = YES;
				INFOPLIST_KEY_UIStatusBarStyle = "";
				"INFOPLIST_KEY_UIStatusBarStyle[sdk=iphoneos*]" = UIStatusBarStyleDefault;
				"INFOPLIST_KEY_UIStatusBarStyle[sdk=iphonesimulator*]" = UIStatusBarStyleDefault;
				INFOPLIST_KEY_UISupportedInterfaceOrientations = UIInterfaceOrientationPortrait;
				IPHONEOS_DEPLOYMENT_TARGET = 15.0;
				LD_RUNPATH_SEARCH_PATHS = "@executable_path/Frameworks";
				"LD_RUNPATH_SEARCH_PATHS[sdk=macosx*]" = "@executable_path/../Frameworks";
				MACOSX_DEPLOYMENT_TARGET = 13.1;
				MARKETING_VERSION = 1.0;
				PRODUCT_BUNDLE_IDENTIFIER = "pureza.Voley-Stats";
				PRODUCT_NAME = "$(TARGET_NAME)";
				SDKROOT = auto;
				SUPPORTED_PLATFORMS = "iphoneos iphonesimulator";
				SUPPORTS_MACCATALYST = NO;
				SUPPORTS_MAC_DESIGNED_FOR_IPHONE_IPAD = NO;
				SWIFT_EMIT_LOC_STRINGS = YES;
				SWIFT_VERSION = 5.0;
				TARGETED_DEVICE_FAMILY = 2;
			};
			name = Debug;
		};
		55F7FD8729EA8D9400617907 /* Release */ = {
			isa = XCBuildConfiguration;
			buildSettings = {
				ASSETCATALOG_COMPILER_APPICON_NAME = AppIcon;
				ASSETCATALOG_COMPILER_GLOBAL_ACCENT_COLOR_NAME = AccentColor;
				CODE_SIGN_ENTITLEMENTS = "Voley Stats/Voley_Stats.entitlements";
				CODE_SIGN_STYLE = Automatic;
				CURRENT_PROJECT_VERSION = 1;
				DEVELOPMENT_ASSET_PATHS = "\"Voley Stats/Preview Content\"";
				DEVELOPMENT_TEAM = XVP8NP6YVY;
				ENABLE_HARDENED_RUNTIME = YES;
				ENABLE_PREVIEWS = YES;
				GENERATE_INFOPLIST_FILE = YES;
				INFOPLIST_FILE = "Voley-Stats-Info.plist";
				INFOPLIST_KEY_LSApplicationCategoryType = "public.app-category.sports";
				"INFOPLIST_KEY_UIApplicationSceneManifest_Generation[sdk=iphoneos*]" = YES;
				"INFOPLIST_KEY_UIApplicationSceneManifest_Generation[sdk=iphonesimulator*]" = YES;
				"INFOPLIST_KEY_UIApplicationSupportsIndirectInputEvents[sdk=iphoneos*]" = YES;
				"INFOPLIST_KEY_UIApplicationSupportsIndirectInputEvents[sdk=iphonesimulator*]" = YES;
				"INFOPLIST_KEY_UILaunchScreen_Generation[sdk=iphoneos*]" = YES;
				"INFOPLIST_KEY_UILaunchScreen_Generation[sdk=iphonesimulator*]" = YES;
				INFOPLIST_KEY_UIStatusBarStyle = "";
				"INFOPLIST_KEY_UIStatusBarStyle[sdk=iphoneos*]" = UIStatusBarStyleDefault;
				"INFOPLIST_KEY_UIStatusBarStyle[sdk=iphonesimulator*]" = UIStatusBarStyleDefault;
				INFOPLIST_KEY_UISupportedInterfaceOrientations = UIInterfaceOrientationPortrait;
				IPHONEOS_DEPLOYMENT_TARGET = 15.0;
				LD_RUNPATH_SEARCH_PATHS = "@executable_path/Frameworks";
				"LD_RUNPATH_SEARCH_PATHS[sdk=macosx*]" = "@executable_path/../Frameworks";
				MACOSX_DEPLOYMENT_TARGET = 13.1;
				MARKETING_VERSION = 1.0;
				PRODUCT_BUNDLE_IDENTIFIER = "pureza.Voley-Stats";
				PRODUCT_NAME = "$(TARGET_NAME)";
				SDKROOT = auto;
				SUPPORTED_PLATFORMS = "iphoneos iphonesimulator";
				SUPPORTS_MACCATALYST = NO;
				SUPPORTS_MAC_DESIGNED_FOR_IPHONE_IPAD = NO;
				SWIFT_EMIT_LOC_STRINGS = YES;
				SWIFT_VERSION = 5.0;
				TARGETED_DEVICE_FAMILY = 2;
			};
			name = Release;
		};
		55F7FD8929EA8D9400617907 /* Debug */ = {
			isa = XCBuildConfiguration;
			buildSettings = {
				ALWAYS_EMBED_SWIFT_STANDARD_LIBRARIES = YES;
				CODE_SIGN_STYLE = Automatic;
				CURRENT_PROJECT_VERSION = 1;
				DEVELOPMENT_TEAM = XVP8NP6YVY;
				GENERATE_INFOPLIST_FILE = YES;
				IPHONEOS_DEPLOYMENT_TARGET = 15.0;
				MACOSX_DEPLOYMENT_TARGET = 13.1;
				MARKETING_VERSION = 1.0;
				PRODUCT_BUNDLE_IDENTIFIER = "pureza.Voley-StatsTests";
				PRODUCT_NAME = "$(TARGET_NAME)";
				SDKROOT = auto;
				SUPPORTED_PLATFORMS = "iphoneos iphonesimulator";
				SUPPORTS_MACCATALYST = NO;
				SUPPORTS_MAC_DESIGNED_FOR_IPHONE_IPAD = NO;
				SWIFT_EMIT_LOC_STRINGS = NO;
				SWIFT_VERSION = 5.0;
				TARGETED_DEVICE_FAMILY = 2;
			};
			name = Debug;
		};
		55F7FD8A29EA8D9400617907 /* Release */ = {
			isa = XCBuildConfiguration;
			buildSettings = {
				ALWAYS_EMBED_SWIFT_STANDARD_LIBRARIES = YES;
				CODE_SIGN_STYLE = Automatic;
				CURRENT_PROJECT_VERSION = 1;
				DEVELOPMENT_TEAM = XVP8NP6YVY;
				GENERATE_INFOPLIST_FILE = YES;
				IPHONEOS_DEPLOYMENT_TARGET = 15.0;
				MACOSX_DEPLOYMENT_TARGET = 13.1;
				MARKETING_VERSION = 1.0;
				PRODUCT_BUNDLE_IDENTIFIER = "pureza.Voley-StatsTests";
				PRODUCT_NAME = "$(TARGET_NAME)";
				SDKROOT = auto;
				SUPPORTED_PLATFORMS = "iphoneos iphonesimulator";
				SUPPORTS_MACCATALYST = NO;
				SUPPORTS_MAC_DESIGNED_FOR_IPHONE_IPAD = NO;
				SWIFT_EMIT_LOC_STRINGS = NO;
				SWIFT_VERSION = 5.0;
				TARGETED_DEVICE_FAMILY = 2;
			};
			name = Release;
		};
		55F7FD8C29EA8D9400617907 /* Debug */ = {
			isa = XCBuildConfiguration;
			buildSettings = {
				ALWAYS_EMBED_SWIFT_STANDARD_LIBRARIES = YES;
				CODE_SIGN_STYLE = Automatic;
				CURRENT_PROJECT_VERSION = 1;
				DEVELOPMENT_TEAM = XVP8NP6YVY;
				GENERATE_INFOPLIST_FILE = YES;
				IPHONEOS_DEPLOYMENT_TARGET = 16.2;
				MACOSX_DEPLOYMENT_TARGET = 13.1;
				MARKETING_VERSION = 1.0;
				PRODUCT_BUNDLE_IDENTIFIER = "pureza.Voley-StatsUITests";
				PRODUCT_NAME = "$(TARGET_NAME)";
				PROVISIONING_PROFILE = "";
				SDKROOT = auto;
				SUPPORTED_PLATFORMS = "iphoneos iphonesimulator";
				SUPPORTS_MACCATALYST = NO;
				SUPPORTS_MAC_DESIGNED_FOR_IPHONE_IPAD = NO;
				SWIFT_EMIT_LOC_STRINGS = NO;
				SWIFT_VERSION = 5.0;
				TARGETED_DEVICE_FAMILY = "1,2";
			};
			name = Debug;
		};
		55F7FD8D29EA8D9400617907 /* Release */ = {
			isa = XCBuildConfiguration;
			buildSettings = {
				ALWAYS_EMBED_SWIFT_STANDARD_LIBRARIES = YES;
				CODE_SIGN_STYLE = Automatic;
				CURRENT_PROJECT_VERSION = 1;
				DEVELOPMENT_TEAM = XVP8NP6YVY;
				GENERATE_INFOPLIST_FILE = YES;
				IPHONEOS_DEPLOYMENT_TARGET = 16.2;
				MACOSX_DEPLOYMENT_TARGET = 13.1;
				MARKETING_VERSION = 1.0;
				PRODUCT_BUNDLE_IDENTIFIER = "pureza.Voley-StatsUITests";
				PRODUCT_NAME = "$(TARGET_NAME)";
				PROVISIONING_PROFILE = "";
				SDKROOT = auto;
				SUPPORTED_PLATFORMS = "iphoneos iphonesimulator";
				SUPPORTS_MACCATALYST = NO;
				SUPPORTS_MAC_DESIGNED_FOR_IPHONE_IPAD = NO;
				SWIFT_EMIT_LOC_STRINGS = NO;
				SWIFT_VERSION = 5.0;
				TARGETED_DEVICE_FAMILY = "1,2";
			};
			name = Release;
		};
/* End XCBuildConfiguration section */

/* Begin XCConfigurationList section */
		55F7FD5B29EA8D9200617907 /* Build configuration list for PBXProject "Voley Stats" */ = {
			isa = XCConfigurationList;
			buildConfigurations = (
				55F7FD8329EA8D9400617907 /* Debug */,
				55F7FD8429EA8D9400617907 /* Release */,
			);
			defaultConfigurationIsVisible = 0;
			defaultConfigurationName = Release;
		};
		55F7FD8529EA8D9400617907 /* Build configuration list for PBXNativeTarget "Voley Stats" */ = {
			isa = XCConfigurationList;
			buildConfigurations = (
				55F7FD8629EA8D9400617907 /* Debug */,
				55F7FD8729EA8D9400617907 /* Release */,
			);
			defaultConfigurationIsVisible = 0;
			defaultConfigurationName = Release;
		};
		55F7FD8829EA8D9400617907 /* Build configuration list for PBXNativeTarget "Voley StatsTests" */ = {
			isa = XCConfigurationList;
			buildConfigurations = (
				55F7FD8929EA8D9400617907 /* Debug */,
				55F7FD8A29EA8D9400617907 /* Release */,
			);
			defaultConfigurationIsVisible = 0;
			defaultConfigurationName = Release;
		};
		55F7FD8B29EA8D9400617907 /* Build configuration list for PBXNativeTarget "Voley StatsUITests" */ = {
			isa = XCConfigurationList;
			buildConfigurations = (
				55F7FD8C29EA8D9400617907 /* Debug */,
				55F7FD8D29EA8D9400617907 /* Release */,
			);
			defaultConfigurationIsVisible = 0;
			defaultConfigurationName = Release;
		};
/* End XCConfigurationList section */

/* Begin XCRemoteSwiftPackageReference section */
		55F7FD8E29EA8F0A00617907 /* XCRemoteSwiftPackageReference "UIPilot" */ = {
			isa = XCRemoteSwiftPackageReference;
			repositoryURL = "https://github.com/canopas/UIPilot.git";
			requirement = {
				kind = upToNextMajorVersion;
				minimumVersion = 2.0.0;
			};
		};
		55F7FD9129EA8F3C00617907 /* XCRemoteSwiftPackageReference "SQLite.swift" */ = {
			isa = XCRemoteSwiftPackageReference;
			repositoryURL = "https://github.com/stephencelis/SQLite.swift.git";
			requirement = {
				kind = upToNextMajorVersion;
				minimumVersion = 0.9.2;
			};
		};
/* End XCRemoteSwiftPackageReference section */

/* Begin XCSwiftPackageProductDependency section */
		55F7FD8F29EA8F0A00617907 /* UIPilot */ = {
			isa = XCSwiftPackageProductDependency;
			package = 55F7FD8E29EA8F0A00617907 /* XCRemoteSwiftPackageReference "UIPilot" */;
			productName = UIPilot;
		};
		55F7FD9229EA8F3C00617907 /* SQLite */ = {
			isa = XCSwiftPackageProductDependency;
			package = 55F7FD9129EA8F3C00617907 /* XCRemoteSwiftPackageReference "SQLite.swift" */;
			productName = SQLite;
		};
/* End XCSwiftPackageProductDependency section */
	};
	rootObject = 55F7FD5829EA8D9200617907 /* Project object */;
}
